// !$*UTF8*$!
{
	archiveVersion = 1;
	classes = {
	};
	objectVersion = 50;
	objects = {

/* Begin PBXBuildFile section */
		2972502C230C7CD90064EA99 /* xablau.storyboard in Resources */ = {isa = PBXBuildFile; fileRef = 2972502B230C7CD90064EA99 /* xablau.storyboard */; };
		74500DF4230C682A00CFAEE2 /* AppDelegate.swift in Sources */ = {isa = PBXBuildFile; fileRef = 74500DF3230C682A00CFAEE2 /* AppDelegate.swift */; };
		74500DF6230C682A00CFAEE2 /* ViewController.swift in Sources */ = {isa = PBXBuildFile; fileRef = 74500DF5230C682A00CFAEE2 /* ViewController.swift */; };
		74500DF9230C682A00CFAEE2 /* Main.storyboard in Resources */ = {isa = PBXBuildFile; fileRef = 74500DF7230C682A00CFAEE2 /* Main.storyboard */; };
		74500DFB230C682B00CFAEE2 /* Assets.xcassets in Resources */ = {isa = PBXBuildFile; fileRef = 74500DFA230C682B00CFAEE2 /* Assets.xcassets */; };
		74500DFE230C682B00CFAEE2 /* LaunchScreen.storyboard in Resources */ = {isa = PBXBuildFile; fileRef = 74500DFC230C682B00CFAEE2 /* LaunchScreen.storyboard */; };
<<<<<<< HEAD
		F9C2D7C2230C7CD400116451 /* Andre.storyboard in Resources */ = {isa = PBXBuildFile; fileRef = F9C2D7C0230C7CD400116451 /* Andre.storyboard */; };
		F9C2D7C4230C7DA400116451 /* AndreViewController.swift in Sources */ = {isa = PBXBuildFile; fileRef = F9C2D7C3230C7DA400116451 /* AndreViewController.swift */; };
=======
		74500E06230C7D4800CFAEE2 /* LuizVeloso.storyboard in Resources */ = {isa = PBXBuildFile; fileRef = 74500E05230C7D4800CFAEE2 /* LuizVeloso.storyboard */; };
		74500E08230C7D5B00CFAEE2 /* LuizVelosoViewController.swift in Sources */ = {isa = PBXBuildFile; fileRef = 74500E07230C7D5B00CFAEE2 /* LuizVelosoViewController.swift */; };
>>>>>>> bf2a021e1669b4d49569ceb99847045288f0d2a7
/* End PBXBuildFile section */

/* Begin PBXFileReference section */
		2972502B230C7CD90064EA99 /* xablau.storyboard */ = {isa = PBXFileReference; lastKnownFileType = file.storyboard; path = xablau.storyboard; sourceTree = "<group>"; };
		74500DF0230C682A00CFAEE2 /* GitWorkshop.app */ = {isa = PBXFileReference; explicitFileType = wrapper.application; includeInIndex = 0; path = GitWorkshop.app; sourceTree = BUILT_PRODUCTS_DIR; };
		74500DF3230C682A00CFAEE2 /* AppDelegate.swift */ = {isa = PBXFileReference; lastKnownFileType = sourcecode.swift; path = AppDelegate.swift; sourceTree = "<group>"; };
		74500DF5230C682A00CFAEE2 /* ViewController.swift */ = {isa = PBXFileReference; lastKnownFileType = sourcecode.swift; path = ViewController.swift; sourceTree = "<group>"; };
		74500DF8230C682A00CFAEE2 /* Base */ = {isa = PBXFileReference; lastKnownFileType = file.storyboard; name = Base; path = Base.lproj/Main.storyboard; sourceTree = "<group>"; };
		74500DFA230C682B00CFAEE2 /* Assets.xcassets */ = {isa = PBXFileReference; lastKnownFileType = folder.assetcatalog; path = Assets.xcassets; sourceTree = "<group>"; };
		74500DFD230C682B00CFAEE2 /* Base */ = {isa = PBXFileReference; lastKnownFileType = file.storyboard; name = Base; path = Base.lproj/LaunchScreen.storyboard; sourceTree = "<group>"; };
		74500DFF230C682B00CFAEE2 /* Info.plist */ = {isa = PBXFileReference; lastKnownFileType = text.plist.xml; path = Info.plist; sourceTree = "<group>"; };
<<<<<<< HEAD
		F9C2D7C1230C7CD400116451 /* Base */ = {isa = PBXFileReference; lastKnownFileType = file.storyboard; name = Base; path = GitWorkshop/Base.lproj/Andre.storyboard; sourceTree = "<group>"; };
		F9C2D7C3230C7DA400116451 /* AndreViewController.swift */ = {isa = PBXFileReference; lastKnownFileType = sourcecode.swift; path = AndreViewController.swift; sourceTree = "<group>"; };
=======
		74500E05230C7D4800CFAEE2 /* LuizVeloso.storyboard */ = {isa = PBXFileReference; lastKnownFileType = file.storyboard; path = LuizVeloso.storyboard; sourceTree = "<group>"; };
		74500E07230C7D5B00CFAEE2 /* LuizVelosoViewController.swift */ = {isa = PBXFileReference; lastKnownFileType = sourcecode.swift; path = LuizVelosoViewController.swift; sourceTree = "<group>"; };
>>>>>>> bf2a021e1669b4d49569ceb99847045288f0d2a7
/* End PBXFileReference section */

/* Begin PBXFrameworksBuildPhase section */
		74500DED230C682A00CFAEE2 /* Frameworks */ = {
			isa = PBXFrameworksBuildPhase;
			buildActionMask = 2147483647;
			files = (
			);
			runOnlyForDeploymentPostprocessing = 0;
		};
/* End PBXFrameworksBuildPhase section */

/* Begin PBXGroup section */
		74500DE7230C682A00CFAEE2 = {
			isa = PBXGroup;
			children = (
				74500DF2230C682A00CFAEE2 /* GitWorkshop */,
				74500DF1230C682A00CFAEE2 /* Products */,
			);
			sourceTree = "<group>";
		};
		74500DF1230C682A00CFAEE2 /* Products */ = {
			isa = PBXGroup;
			children = (
				74500DF0230C682A00CFAEE2 /* GitWorkshop.app */,
			);
			name = Products;
			sourceTree = "<group>";
		};
		74500DF2230C682A00CFAEE2 /* GitWorkshop */ = {
			isa = PBXGroup;
			children = (
				F9C2D7C0230C7CD400116451 /* Andre.storyboard */,
				F9C2D7C3230C7DA400116451 /* AndreViewController.swift */,
				74500DF3230C682A00CFAEE2 /* AppDelegate.swift */,
				74500DF5230C682A00CFAEE2 /* ViewController.swift */,
				74500DF7230C682A00CFAEE2 /* Main.storyboard */,
				74500E05230C7D4800CFAEE2 /* LuizVeloso.storyboard */,
				74500E07230C7D5B00CFAEE2 /* LuizVelosoViewController.swift */,
				74500DFA230C682B00CFAEE2 /* Assets.xcassets */,
				74500DFC230C682B00CFAEE2 /* LaunchScreen.storyboard */,
				74500DFF230C682B00CFAEE2 /* Info.plist */,
				2972502B230C7CD90064EA99 /* xablau.storyboard */,
			);
			path = GitWorkshop;
			sourceTree = "<group>";
		};
/* End PBXGroup section */

/* Begin PBXNativeTarget section */
		74500DEF230C682A00CFAEE2 /* GitWorkshop */ = {
			isa = PBXNativeTarget;
			buildConfigurationList = 74500E02230C682B00CFAEE2 /* Build configuration list for PBXNativeTarget "GitWorkshop" */;
			buildPhases = (
				74500DEC230C682A00CFAEE2 /* Sources */,
				74500DED230C682A00CFAEE2 /* Frameworks */,
				74500DEE230C682A00CFAEE2 /* Resources */,
			);
			buildRules = (
			);
			dependencies = (
			);
			name = GitWorkshop;
			productName = GitWorkshop;
			productReference = 74500DF0230C682A00CFAEE2 /* GitWorkshop.app */;
			productType = "com.apple.product-type.application";
		};
/* End PBXNativeTarget section */

/* Begin PBXProject section */
		74500DE8230C682A00CFAEE2 /* Project object */ = {
			isa = PBXProject;
			attributes = {
				LastSwiftUpdateCheck = 1020;
				LastUpgradeCheck = 1020;
				ORGANIZATIONNAME = "Luiz Veloso";
				TargetAttributes = {
					74500DEF230C682A00CFAEE2 = {
						CreatedOnToolsVersion = 10.2.1;
					};
				};
			};
			buildConfigurationList = 74500DEB230C682A00CFAEE2 /* Build configuration list for PBXProject "GitWorkshop" */;
			compatibilityVersion = "Xcode 9.3";
			developmentRegion = en;
			hasScannedForEncodings = 0;
			knownRegions = (
				en,
				Base,
			);
			mainGroup = 74500DE7230C682A00CFAEE2;
			productRefGroup = 74500DF1230C682A00CFAEE2 /* Products */;
			projectDirPath = "";
			projectRoot = "";
			targets = (
				74500DEF230C682A00CFAEE2 /* GitWorkshop */,
			);
		};
/* End PBXProject section */

/* Begin PBXResourcesBuildPhase section */
		74500DEE230C682A00CFAEE2 /* Resources */ = {
			isa = PBXResourcesBuildPhase;
			buildActionMask = 2147483647;
			files = (
				74500E06230C7D4800CFAEE2 /* LuizVeloso.storyboard in Resources */,
				74500DFE230C682B00CFAEE2 /* LaunchScreen.storyboard in Resources */,
<<<<<<< HEAD
				F9C2D7C2230C7CD400116451 /* Andre.storyboard in Resources */,
=======
				2972502C230C7CD90064EA99 /* xablau.storyboard in Resources */,
>>>>>>> bf2a021e1669b4d49569ceb99847045288f0d2a7
				74500DFB230C682B00CFAEE2 /* Assets.xcassets in Resources */,
				74500DF9230C682A00CFAEE2 /* Main.storyboard in Resources */,
			);
			runOnlyForDeploymentPostprocessing = 0;
		};
/* End PBXResourcesBuildPhase section */

/* Begin PBXSourcesBuildPhase section */
		74500DEC230C682A00CFAEE2 /* Sources */ = {
			isa = PBXSourcesBuildPhase;
			buildActionMask = 2147483647;
			files = (
				74500E08230C7D5B00CFAEE2 /* LuizVelosoViewController.swift in Sources */,
				74500DF6230C682A00CFAEE2 /* ViewController.swift in Sources */,
				F9C2D7C4230C7DA400116451 /* AndreViewController.swift in Sources */,
				74500DF4230C682A00CFAEE2 /* AppDelegate.swift in Sources */,
			);
			runOnlyForDeploymentPostprocessing = 0;
		};
/* End PBXSourcesBuildPhase section */

/* Begin PBXVariantGroup section */
		74500DF7230C682A00CFAEE2 /* Main.storyboard */ = {
			isa = PBXVariantGroup;
			children = (
				74500DF8230C682A00CFAEE2 /* Base */,
			);
			name = Main.storyboard;
			sourceTree = "<group>";
		};
		74500DFC230C682B00CFAEE2 /* LaunchScreen.storyboard */ = {
			isa = PBXVariantGroup;
			children = (
				74500DFD230C682B00CFAEE2 /* Base */,
			);
			name = LaunchScreen.storyboard;
			sourceTree = "<group>";
		};
		F9C2D7C0230C7CD400116451 /* Andre.storyboard */ = {
			isa = PBXVariantGroup;
			children = (
				F9C2D7C1230C7CD400116451 /* Base */,
			);
			name = Andre.storyboard;
			sourceTree = "<group>";
		};
/* End PBXVariantGroup section */

/* Begin XCBuildConfiguration section */
		74500E00230C682B00CFAEE2 /* Debug */ = {
			isa = XCBuildConfiguration;
			buildSettings = {
				ALWAYS_SEARCH_USER_PATHS = NO;
				CLANG_ANALYZER_NONNULL = YES;
				CLANG_ANALYZER_NUMBER_OBJECT_CONVERSION = YES_AGGRESSIVE;
				CLANG_CXX_LANGUAGE_STANDARD = "gnu++14";
				CLANG_CXX_LIBRARY = "libc++";
				CLANG_ENABLE_MODULES = YES;
				CLANG_ENABLE_OBJC_ARC = YES;
				CLANG_ENABLE_OBJC_WEAK = YES;
				CLANG_WARN_BLOCK_CAPTURE_AUTORELEASING = YES;
				CLANG_WARN_BOOL_CONVERSION = YES;
				CLANG_WARN_COMMA = YES;
				CLANG_WARN_CONSTANT_CONVERSION = YES;
				CLANG_WARN_DEPRECATED_OBJC_IMPLEMENTATIONS = YES;
				CLANG_WARN_DIRECT_OBJC_ISA_USAGE = YES_ERROR;
				CLANG_WARN_DOCUMENTATION_COMMENTS = YES;
				CLANG_WARN_EMPTY_BODY = YES;
				CLANG_WARN_ENUM_CONVERSION = YES;
				CLANG_WARN_INFINITE_RECURSION = YES;
				CLANG_WARN_INT_CONVERSION = YES;
				CLANG_WARN_NON_LITERAL_NULL_CONVERSION = YES;
				CLANG_WARN_OBJC_IMPLICIT_RETAIN_SELF = YES;
				CLANG_WARN_OBJC_LITERAL_CONVERSION = YES;
				CLANG_WARN_OBJC_ROOT_CLASS = YES_ERROR;
				CLANG_WARN_RANGE_LOOP_ANALYSIS = YES;
				CLANG_WARN_STRICT_PROTOTYPES = YES;
				CLANG_WARN_SUSPICIOUS_MOVE = YES;
				CLANG_WARN_UNGUARDED_AVAILABILITY = YES_AGGRESSIVE;
				CLANG_WARN_UNREACHABLE_CODE = YES;
				CLANG_WARN__DUPLICATE_METHOD_MATCH = YES;
				CODE_SIGN_IDENTITY = "iPhone Developer";
				COPY_PHASE_STRIP = NO;
				DEBUG_INFORMATION_FORMAT = dwarf;
				ENABLE_STRICT_OBJC_MSGSEND = YES;
				ENABLE_TESTABILITY = YES;
				GCC_C_LANGUAGE_STANDARD = gnu11;
				GCC_DYNAMIC_NO_PIC = NO;
				GCC_NO_COMMON_BLOCKS = YES;
				GCC_OPTIMIZATION_LEVEL = 0;
				GCC_PREPROCESSOR_DEFINITIONS = (
					"DEBUG=1",
					"$(inherited)",
				);
				GCC_WARN_64_TO_32_BIT_CONVERSION = YES;
				GCC_WARN_ABOUT_RETURN_TYPE = YES_ERROR;
				GCC_WARN_UNDECLARED_SELECTOR = YES;
				GCC_WARN_UNINITIALIZED_AUTOS = YES_AGGRESSIVE;
				GCC_WARN_UNUSED_FUNCTION = YES;
				GCC_WARN_UNUSED_VARIABLE = YES;
				IPHONEOS_DEPLOYMENT_TARGET = 12.2;
				MTL_ENABLE_DEBUG_INFO = INCLUDE_SOURCE;
				MTL_FAST_MATH = YES;
				ONLY_ACTIVE_ARCH = YES;
				SDKROOT = iphoneos;
				SWIFT_ACTIVE_COMPILATION_CONDITIONS = DEBUG;
				SWIFT_OPTIMIZATION_LEVEL = "-Onone";
			};
			name = Debug;
		};
		74500E01230C682B00CFAEE2 /* Release */ = {
			isa = XCBuildConfiguration;
			buildSettings = {
				ALWAYS_SEARCH_USER_PATHS = NO;
				CLANG_ANALYZER_NONNULL = YES;
				CLANG_ANALYZER_NUMBER_OBJECT_CONVERSION = YES_AGGRESSIVE;
				CLANG_CXX_LANGUAGE_STANDARD = "gnu++14";
				CLANG_CXX_LIBRARY = "libc++";
				CLANG_ENABLE_MODULES = YES;
				CLANG_ENABLE_OBJC_ARC = YES;
				CLANG_ENABLE_OBJC_WEAK = YES;
				CLANG_WARN_BLOCK_CAPTURE_AUTORELEASING = YES;
				CLANG_WARN_BOOL_CONVERSION = YES;
				CLANG_WARN_COMMA = YES;
				CLANG_WARN_CONSTANT_CONVERSION = YES;
				CLANG_WARN_DEPRECATED_OBJC_IMPLEMENTATIONS = YES;
				CLANG_WARN_DIRECT_OBJC_ISA_USAGE = YES_ERROR;
				CLANG_WARN_DOCUMENTATION_COMMENTS = YES;
				CLANG_WARN_EMPTY_BODY = YES;
				CLANG_WARN_ENUM_CONVERSION = YES;
				CLANG_WARN_INFINITE_RECURSION = YES;
				CLANG_WARN_INT_CONVERSION = YES;
				CLANG_WARN_NON_LITERAL_NULL_CONVERSION = YES;
				CLANG_WARN_OBJC_IMPLICIT_RETAIN_SELF = YES;
				CLANG_WARN_OBJC_LITERAL_CONVERSION = YES;
				CLANG_WARN_OBJC_ROOT_CLASS = YES_ERROR;
				CLANG_WARN_RANGE_LOOP_ANALYSIS = YES;
				CLANG_WARN_STRICT_PROTOTYPES = YES;
				CLANG_WARN_SUSPICIOUS_MOVE = YES;
				CLANG_WARN_UNGUARDED_AVAILABILITY = YES_AGGRESSIVE;
				CLANG_WARN_UNREACHABLE_CODE = YES;
				CLANG_WARN__DUPLICATE_METHOD_MATCH = YES;
				CODE_SIGN_IDENTITY = "iPhone Developer";
				COPY_PHASE_STRIP = NO;
				DEBUG_INFORMATION_FORMAT = "dwarf-with-dsym";
				ENABLE_NS_ASSERTIONS = NO;
				ENABLE_STRICT_OBJC_MSGSEND = YES;
				GCC_C_LANGUAGE_STANDARD = gnu11;
				GCC_NO_COMMON_BLOCKS = YES;
				GCC_WARN_64_TO_32_BIT_CONVERSION = YES;
				GCC_WARN_ABOUT_RETURN_TYPE = YES_ERROR;
				GCC_WARN_UNDECLARED_SELECTOR = YES;
				GCC_WARN_UNINITIALIZED_AUTOS = YES_AGGRESSIVE;
				GCC_WARN_UNUSED_FUNCTION = YES;
				GCC_WARN_UNUSED_VARIABLE = YES;
				IPHONEOS_DEPLOYMENT_TARGET = 12.2;
				MTL_ENABLE_DEBUG_INFO = NO;
				MTL_FAST_MATH = YES;
				SDKROOT = iphoneos;
				SWIFT_COMPILATION_MODE = wholemodule;
				SWIFT_OPTIMIZATION_LEVEL = "-O";
				VALIDATE_PRODUCT = YES;
			};
			name = Release;
		};
		74500E03230C682B00CFAEE2 /* Debug */ = {
			isa = XCBuildConfiguration;
			buildSettings = {
				ASSETCATALOG_COMPILER_APPICON_NAME = AppIcon;
				CODE_SIGN_STYLE = Automatic;
				DEVELOPMENT_TEAM = 3963AZ5GF9;
				INFOPLIST_FILE = GitWorkshop/Info.plist;
				LD_RUNPATH_SEARCH_PATHS = (
					"$(inherited)",
					"@executable_path/Frameworks",
				);
				PRODUCT_BUNDLE_IDENTIFIER = br.com.luizv.GitWorkshop;
				PRODUCT_NAME = "$(TARGET_NAME)";
				SWIFT_VERSION = 5.0;
				TARGETED_DEVICE_FAMILY = "1,2";
			};
			name = Debug;
		};
		74500E04230C682B00CFAEE2 /* Release */ = {
			isa = XCBuildConfiguration;
			buildSettings = {
				ASSETCATALOG_COMPILER_APPICON_NAME = AppIcon;
				CODE_SIGN_STYLE = Automatic;
				DEVELOPMENT_TEAM = 3963AZ5GF9;
				INFOPLIST_FILE = GitWorkshop/Info.plist;
				LD_RUNPATH_SEARCH_PATHS = (
					"$(inherited)",
					"@executable_path/Frameworks",
				);
				PRODUCT_BUNDLE_IDENTIFIER = br.com.luizv.GitWorkshop;
				PRODUCT_NAME = "$(TARGET_NAME)";
				SWIFT_VERSION = 5.0;
				TARGETED_DEVICE_FAMILY = "1,2";
			};
			name = Release;
		};
/* End XCBuildConfiguration section */

/* Begin XCConfigurationList section */
		74500DEB230C682A00CFAEE2 /* Build configuration list for PBXProject "GitWorkshop" */ = {
			isa = XCConfigurationList;
			buildConfigurations = (
				74500E00230C682B00CFAEE2 /* Debug */,
				74500E01230C682B00CFAEE2 /* Release */,
			);
			defaultConfigurationIsVisible = 0;
			defaultConfigurationName = Release;
		};
		74500E02230C682B00CFAEE2 /* Build configuration list for PBXNativeTarget "GitWorkshop" */ = {
			isa = XCConfigurationList;
			buildConfigurations = (
				74500E03230C682B00CFAEE2 /* Debug */,
				74500E04230C682B00CFAEE2 /* Release */,
			);
			defaultConfigurationIsVisible = 0;
			defaultConfigurationName = Release;
		};
/* End XCConfigurationList section */
	};
	rootObject = 74500DE8230C682A00CFAEE2 /* Project object */;
}
